// !$*UTF8*$!
{
	archiveVersion = 1;
	classes = {
	};
	objectVersion = 55;
	objects = {

/* Begin PBXBuildFile section */
		9F14E9132F7D99F1008C4D06 /* MainTabView.swift in Sources */ = {isa = PBXBuildFile; fileRef = 9F14E9122F7D99F1008C4D06 /* MainTabView.swift */; };
		9F14E9152F7DA16B008C4D06 /* StretchView.swift in Sources */ = {isa = PBXBuildFile; fileRef = 9F14E9142F7DA16B008C4D06 /* StretchView.swift */; };
		9F6B62EE2F7EE45400F47552 /* CapsuleIndicator.swift in Sources */ = {isa = PBXBuildFile; fileRef = 9F6B62ED2F7EE45400F47552 /* CapsuleIndicator.swift */; };
		9F6B62F02F7F077C00F47552 /* SettingsView.swift in Sources */ = {isa = PBXBuildFile; fileRef = 9F6B62EF2F7F077C00F47552 /* SettingsView.swift */; };
		9F74A8F92F7AED0A00280E1D /* SessionIndicator.swift in Sources */ = {isa = PBXBuildFile; fileRef = 9F74A8F82F7AED0A00280E1D /* SessionIndicator.swift */; };
		9F74A8FB2F7AED4600280E1D /* ResetButton.swift in Sources */ = {isa = PBXBuildFile; fileRef = 9F74A8FA2F7AED4600280E1D /* ResetButton.swift */; };
		9F74A8FD2F7AF80800280E1D /* TimerViewModel.swift in Sources */ = {isa = PBXBuildFile; fileRef = 9F74A8FC2F7AF80800280E1D /* TimerViewModel.swift */; };
		9F9AA4C82F7DA64500487868 /* ExerciciseCards.swift in Sources */ = {isa = PBXBuildFile; fileRef = 9F9AA4C72F7DA64500487868 /* ExerciciseCards.swift */; };
		9FCFD8E32F77009A009D1BF0 /* PomoStretchApp.swift in Sources */ = {isa = PBXBuildFile; fileRef = 9FCFD8E22F77009A009D1BF0 /* PomoStretchApp.swift */; };
		9FCFD8E52F77009A009D1BF0 /* ContentView.swift in Sources */ = {isa = PBXBuildFile; fileRef = 9FCFD8E42F77009A009D1BF0 /* ContentView.swift */; };
		9FCFD8E72F77009D009D1BF0 /* Assets.xcassets in Resources */ = {isa = PBXBuildFile; fileRef = 9FCFD8E62F77009D009D1BF0 /* Assets.xcassets */; };
		9FCFD8EA2F77009D009D1BF0 /* Preview Assets.xcassets in Resources */ = {isa = PBXBuildFile; fileRef = 9FCFD8E92F77009D009D1BF0 /* Preview Assets.xcassets */; };
		9FFFEB732F770C6D0023A66C /* PrimaryButton.swift in Sources */ = {isa = PBXBuildFile; fileRef = 9FCFD8F02F770309009D1BF0 /* PrimaryButton.swift */; };
		9FFFEB752F770C930023A66C /* ModeButton.swift in Sources */ = {isa = PBXBuildFile; fileRef = 9FFFEB742F770C930023A66C /* ModeButton.swift */; };
		9FFFEB772F7711C50023A66C /* NeonProgressTimer.swift in Sources */ = {isa = PBXBuildFile; fileRef = 9FFFEB762F7711C50023A66C /* NeonProgressTimer.swift */; };
		9FFFEB792F7727330023A66C /* TimerView.swift in Sources */ = {isa = PBXBuildFile; fileRef = 9FFFEB782F7727330023A66C /* TimerView.swift */; };
/* End PBXBuildFile section */

/* Begin PBXFileReference section */
		9F14E9122F7D99F1008C4D06 /* MainTabView.swift */ = {isa = PBXFileReference; lastKnownFileType = sourcecode.swift; path = MainTabView.swift; sourceTree = "<group>"; };
		9F14E9142F7DA16B008C4D06 /* StretchView.swift */ = {isa = PBXFileReference; lastKnownFileType = sourcecode.swift; path = StretchView.swift; sourceTree = "<group>"; };
		9F6B62ED2F7EE45400F47552 /* CapsuleIndicator.swift */ = {isa = PBXFileReference; lastKnownFileType = sourcecode.swift; path = CapsuleIndicator.swift; sourceTree = "<group>"; };
		9F6B62EF2F7F077C00F47552 /* SettingsView.swift */ = {isa = PBXFileReference; lastKnownFileType = sourcecode.swift; path = SettingsView.swift; sourceTree = "<group>"; };
		9F74A8F82F7AED0A00280E1D /* SessionIndicator.swift */ = {isa = PBXFileReference; lastKnownFileType = sourcecode.swift; path = SessionIndicator.swift; sourceTree = "<group>"; };
		9F74A8FA2F7AED4600280E1D /* ResetButton.swift */ = {isa = PBXFileReference; lastKnownFileType = sourcecode.swift; path = ResetButton.swift; sourceTree = "<group>"; };
		9F74A8FC2F7AF80800280E1D /* TimerViewModel.swift */ = {isa = PBXFileReference; lastKnownFileType = sourcecode.swift; path = TimerViewModel.swift; sourceTree = "<group>"; };
		9F9AA4C72F7DA64500487868 /* ExerciciseCards.swift */ = {isa = PBXFileReference; lastKnownFileType = sourcecode.swift; path = ExerciciseCards.swift; sourceTree = "<group>"; };
		9FCFD8DF2F77009A009D1BF0 /* PomoStretch.app */ = {isa = PBXFileReference; explicitFileType = wrapper.application; includeInIndex = 0; path = PomoStretch.app; sourceTree = BUILT_PRODUCTS_DIR; };
		9FCFD8E22F77009A009D1BF0 /* PomoStretchApp.swift */ = {isa = PBXFileReference; lastKnownFileType = sourcecode.swift; path = PomoStretchApp.swift; sourceTree = "<group>"; };
		9FCFD8E42F77009A009D1BF0 /* ContentView.swift */ = {isa = PBXFileReference; lastKnownFileType = sourcecode.swift; path = ContentView.swift; sourceTree = "<group>"; };
		9FCFD8E62F77009D009D1BF0 /* Assets.xcassets */ = {isa = PBXFileReference; lastKnownFileType = folder.assetcatalog; path = Assets.xcassets; sourceTree = "<group>"; };
		9FCFD8E92F77009D009D1BF0 /* Preview Assets.xcassets */ = {isa = PBXFileReference; lastKnownFileType = folder.assetcatalog; path = "Preview Assets.xcassets"; sourceTree = "<group>"; };
		9FCFD8F02F770309009D1BF0 /* PrimaryButton.swift */ = {isa = PBXFileReference; lastKnownFileType = sourcecode.swift; path = PrimaryButton.swift; sourceTree = "<group>"; };
		9FFFEB742F770C930023A66C /* ModeButton.swift */ = {isa = PBXFileReference; lastKnownFileType = sourcecode.swift; path = ModeButton.swift; sourceTree = "<group>"; };
		9FFFEB762F7711C50023A66C /* NeonProgressTimer.swift */ = {isa = PBXFileReference; lastKnownFileType = sourcecode.swift; path = NeonProgressTimer.swift; sourceTree = "<group>"; };
		9FFFEB782F7727330023A66C /* TimerView.swift */ = {isa = PBXFileReference; lastKnownFileType = sourcecode.swift; path = TimerView.swift; sourceTree = "<group>"; };
/* End PBXFileReference section */

/* Begin PBXFrameworksBuildPhase section */
		9FCFD8DC2F77009A009D1BF0 /* Frameworks */ = {
			isa = PBXFrameworksBuildPhase;
			buildActionMask = 2147483647;
			files = (
			);
			runOnlyForDeploymentPostprocessing = 0;
		};
/* End PBXFrameworksBuildPhase section */

/* Begin PBXGroup section */
		9F74A8FE2F7B002300280E1D /* Models */ = {
			isa = PBXGroup;
			children = (
				9F74A8FC2F7AF80800280E1D /* TimerViewModel.swift */,
			);
			path = Models;
			sourceTree = "<group>";
		};
		9F74A9002F7B004600280E1D /* Components */ = {
			isa = PBXGroup;
			children = (
				9FCFD8F02F770309009D1BF0 /* PrimaryButton.swift */,
				9FFFEB742F770C930023A66C /* ModeButton.swift */,
				9FFFEB762F7711C50023A66C /* NeonProgressTimer.swift */,
				9F74A8FA2F7AED4600280E1D /* ResetButton.swift */,
				9F74A8F82F7AED0A00280E1D /* SessionIndicator.swift */,
				9F9AA4C72F7DA64500487868 /* ExerciciseCards.swift */,
				9F6B62ED2F7EE45400F47552 /* CapsuleIndicator.swift */,
			);
			path = Components;
			sourceTree = "<group>";
		};
		9F74A9022F7B007A00280E1D /* Views */ = {
			isa = PBXGroup;
			children = (
				9FFFEB782F7727330023A66C /* TimerView.swift */,
				9FCFD8E42F77009A009D1BF0 /* ContentView.swift */,
				9F14E9122F7D99F1008C4D06 /* MainTabView.swift */,
				9F14E9142F7DA16B008C4D06 /* StretchView.swift */,
				9F6B62EF2F7F077C00F47552 /* SettingsView.swift */,
			);
			path = Views;
			sourceTree = "<group>";
		};
		9FCFD8D62F77009A009D1BF0 = {
			isa = PBXGroup;
			children = (
				9FCFD8E12F77009A009D1BF0 /* PomoStretch */,
				9FCFD8E02F77009A009D1BF0 /* Products */,
			);
			sourceTree = "<group>";
		};
		9FCFD8E02F77009A009D1BF0 /* Products */ = {
			isa = PBXGroup;
			children = (
				9FCFD8DF2F77009A009D1BF0 /* PomoStretch.app */,
			);
			name = Products;
			sourceTree = "<group>";
		};
		9FCFD8E12F77009A009D1BF0 /* PomoStretch */ = {
			isa = PBXGroup;
			children = (
				9F74A9022F7B007A00280E1D /* Views */,
				9F74A9002F7B004600280E1D /* Components */,
				9F74A8FE2F7B002300280E1D /* Models */,
				9FCFD8E92F77009D009D1BF0 /* Preview Assets.xcassets */,
				9FCFD8E62F77009D009D1BF0 /* Assets.xcassets */,
				9FCFD8E22F77009A009D1BF0 /* PomoStretchApp.swift */,
				9FCFD8E82F77009D009D1BF0 /* Preview Content */,
			);
			path = PomoStretch;
			sourceTree = "<group>";
		};
		9FCFD8E82F77009D009D1BF0 /* Preview Content */ = {
			isa = PBXGroup;
			children = (
			);
			path = "Preview Content";
			sourceTree = "<group>";
		};
/* End PBXGroup section */

/* Begin PBXNativeTarget section */
		9FCFD8DE2F77009A009D1BF0 /* PomoStretch */ = {
			isa = PBXNativeTarget;
			buildConfigurationList = 9FCFD8ED2F77009D009D1BF0 /* Build configuration list for PBXNativeTarget "PomoStretch" */;
			buildPhases = (
				9FCFD8DB2F77009A009D1BF0 /* Sources */,
				9FCFD8DC2F77009A009D1BF0 /* Frameworks */,
				9FCFD8DD2F77009A009D1BF0 /* Resources */,
			);
			buildRules = (
			);
			dependencies = (
			);
			name = PomoStretch;
			productName = PomoStretch;
			productReference = 9FCFD8DF2F77009A009D1BF0 /* PomoStretch.app */;
			productType = "com.apple.product-type.application";
		};
/* End PBXNativeTarget section */

/* Begin PBXProject section */
		9FCFD8D72F77009A009D1BF0 /* Project object */ = {
			isa = PBXProject;
			attributes = {
				BuildIndependentTargetsInParallel = 1;
				LastSwiftUpdateCheck = 1320;
				LastUpgradeCheck = 1320;
				TargetAttributes = {
					9FCFD8DE2F77009A009D1BF0 = {
						CreatedOnToolsVersion = 13.2.1;
					};
				};
			};
			buildConfigurationList = 9FCFD8DA2F77009A009D1BF0 /* Build configuration list for PBXProject "PomoStretch" */;
			compatibilityVersion = "Xcode 13.0";
			developmentRegion = en;
			hasScannedForEncodings = 0;
			knownRegions = (
				en,
				Base,
			);
			mainGroup = 9FCFD8D62F77009A009D1BF0;
			productRefGroup = 9FCFD8E02F77009A009D1BF0 /* Products */;
			projectDirPath = "";
			projectRoot = "";
			targets = (
				9FCFD8DE2F77009A009D1BF0 /* PomoStretch */,
			);
		};
/* End PBXProject section */

/* Begin PBXResourcesBuildPhase section */
		9FCFD8DD2F77009A009D1BF0 /* Resources */ = {
			isa = PBXResourcesBuildPhase;
			buildActionMask = 2147483647;
			files = (
				9FCFD8EA2F77009D009D1BF0 /* Preview Assets.xcassets in Resources */,
				9FCFD8E72F77009D009D1BF0 /* Assets.xcassets in Resources */,
			);
			runOnlyForDeploymentPostprocessing = 0;
		};
/* End PBXResourcesBuildPhase section */

/* Begin PBXSourcesBuildPhase section */
		9FCFD8DB2F77009A009D1BF0 /* Sources */ = {
			isa = PBXSourcesBuildPhase;
			buildActionMask = 2147483647;
			files = (
				9FFFEB792F7727330023A66C /* TimerView.swift in Sources */,
				9F74A8FD2F7AF80800280E1D /* TimerViewModel.swift in Sources */,
				9F6B62EE2F7EE45400F47552 /* CapsuleIndicator.swift in Sources */,
				9FFFEB752F770C930023A66C /* ModeButton.swift in Sources */,
				9F74A8F92F7AED0A00280E1D /* SessionIndicator.swift in Sources */,
				9F74A8FB2F7AED4600280E1D /* ResetButton.swift in Sources */,
				9FFFEB732F770C6D0023A66C /* PrimaryButton.swift in Sources */,
				9F6B62F02F7F077C00F47552 /* SettingsView.swift in Sources */,
				9FCFD8E52F77009A009D1BF0 /* ContentView.swift in Sources */,
				9FFFEB772F7711C50023A66C /* NeonProgressTimer.swift in Sources */,
				9FCFD8E32F77009A009D1BF0 /* PomoStretchApp.swift in Sources */,
				9F9AA4C82F7DA64500487868 /* ExerciciseCards.swift in Sources */,
				9F14E9152F7DA16B008C4D06 /* StretchView.swift in Sources */,
				9F14E9132F7D99F1008C4D06 /* MainTabView.swift in Sources */,
			);
			runOnlyForDeploymentPostprocessing = 0;
		};
/* End PBXSourcesBuildPhase section */

/* Begin XCBuildConfiguration section */
		9FCFD8EB2F77009D009D1BF0 /* Debug */ = {
			isa = XCBuildConfiguration;
			buildSettings = {
				ALWAYS_SEARCH_USER_PATHS = NO;
				CLANG_ANALYZER_NONNULL = YES;
				CLANG_ANALYZER_NUMBER_OBJECT_CONVERSION = YES_AGGRESSIVE;
				CLANG_CXX_LANGUAGE_STANDARD = "gnu++17";
				CLANG_CXX_LIBRARY = "libc++";
				CLANG_ENABLE_MODULES = YES;
				CLANG_ENABLE_OBJC_ARC = YES;
				CLANG_ENABLE_OBJC_WEAK = YES;
				CLANG_WARN_BLOCK_CAPTURE_AUTORELEASING = YES;
				CLANG_WARN_BOOL_CONVERSION = YES;
				CLANG_WARN_COMMA = YES;
				CLANG_WARN_CONSTANT_CONVERSION = YES;
				CLANG_WARN_DEPRECATED_OBJC_IMPLEMENTATIONS = YES;
				CLANG_WARN_DIRECT_OBJC_ISA_USAGE = YES_ERROR;
				CLANG_WARN_DOCUMENTATION_COMMENTS = YES;
				CLANG_WARN_EMPTY_BODY = YES;
				CLANG_WARN_ENUM_CONVERSION = YES;
				CLANG_WARN_INFINITE_RECURSION = YES;
				CLANG_WARN_INT_CONVERSION = YES;
				CLANG_WARN_NON_LITERAL_NULL_CONVERSION = YES;
				CLANG_WARN_OBJC_IMPLICIT_RETAIN_SELF = YES;
				CLANG_WARN_OBJC_LITERAL_CONVERSION = YES;
				CLANG_WARN_OBJC_ROOT_CLASS = YES_ERROR;
				CLANG_WARN_QUOTED_INCLUDE_IN_FRAMEWORK_HEADER = YES;
				CLANG_WARN_RANGE_LOOP_ANALYSIS = YES;
				CLANG_WARN_STRICT_PROTOTYPES = YES;
				CLANG_WARN_SUSPICIOUS_MOVE = YES;
				CLANG_WARN_UNGUARDED_AVAILABILITY = YES_AGGRESSIVE;
				CLANG_WARN_UNREACHABLE_CODE = YES;
				CLANG_WARN__DUPLICATE_METHOD_MATCH = YES;
				COPY_PHASE_STRIP = NO;
				DEBUG_INFORMATION_FORMAT = dwarf;
				ENABLE_STRICT_OBJC_MSGSEND = YES;
				ENABLE_TESTABILITY = YES;
				GCC_C_LANGUAGE_STANDARD = gnu11;
				GCC_DYNAMIC_NO_PIC = NO;
				GCC_NO_COMMON_BLOCKS = YES;
				GCC_OPTIMIZATION_LEVEL = 0;
				GCC_PREPROCESSOR_DEFINITIONS = (
					"DEBUG=1",
					"$(inherited)",
				);
				GCC_WARN_64_TO_32_BIT_CONVERSION = YES;
				GCC_WARN_ABOUT_RETURN_TYPE = YES_ERROR;
				GCC_WARN_UNDECLARED_SELECTOR = YES;
				GCC_WARN_UNINITIALIZED_AUTOS = YES_AGGRESSIVE;
				GCC_WARN_UNUSED_FUNCTION = YES;
				GCC_WARN_UNUSED_VARIABLE = YES;
				IPHONEOS_DEPLOYMENT_TARGET = 15.2;
				MTL_ENABLE_DEBUG_INFO = INCLUDE_SOURCE;
				MTL_FAST_MATH = YES;
				ONLY_ACTIVE_ARCH = YES;
				SDKROOT = iphoneos;
				SWIFT_ACTIVE_COMPILATION_CONDITIONS = DEBUG;
				SWIFT_OPTIMIZATION_LEVEL = "-Onone";
			};
			name = Debug;
		};
		9FCFD8EC2F77009D009D1BF0 /* Release */ = {
			isa = XCBuildConfiguration;
			buildSettings = {
				ALWAYS_SEARCH_USER_PATHS = NO;
				CLANG_ANALYZER_NONNULL = YES;
				CLANG_ANALYZER_NUMBER_OBJECT_CONVERSION = YES_AGGRESSIVE;
				CLANG_CXX_LANGUAGE_STANDARD = "gnu++17";
				CLANG_CXX_LIBRARY = "libc++";
				CLANG_ENABLE_MODULES = YES;
				CLANG_ENABLE_OBJC_ARC = YES;
				CLANG_ENABLE_OBJC_WEAK = YES;
				CLANG_WARN_BLOCK_CAPTURE_AUTORELEASING = YES;
				CLANG_WARN_BOOL_CONVERSION = YES;
				CLANG_WARN_COMMA = YES;
				CLANG_WARN_CONSTANT_CONVERSION = YES;
				CLANG_WARN_DEPRECATED_OBJC_IMPLEMENTATIONS = YES;
				CLANG_WARN_DIRECT_OBJC_ISA_USAGE = YES_ERROR;
				CLANG_WARN_DOCUMENTATION_COMMENTS = YES;
				CLANG_WARN_EMPTY_BODY = YES;
				CLANG_WARN_ENUM_CONVERSION = YES;
				CLANG_WARN_INFINITE_RECURSION = YES;
				CLANG_WARN_INT_CONVERSION = YES;
				CLANG_WARN_NON_LITERAL_NULL_CONVERSION = YES;
				CLANG_WARN_OBJC_IMPLICIT_RETAIN_SELF = YES;
				CLANG_WARN_OBJC_LITERAL_CONVERSION = YES;
				CLANG_WARN_OBJC_ROOT_CLASS = YES_ERROR;
				CLANG_WARN_QUOTED_INCLUDE_IN_FRAMEWORK_HEADER = YES;
				CLANG_WARN_RANGE_LOOP_ANALYSIS = YES;
				CLANG_WARN_STRICT_PROTOTYPES = YES;
				CLANG_WARN_SUSPICIOUS_MOVE = YES;
				CLANG_WARN_UNGUARDED_AVAILABILITY = YES_AGGRESSIVE;
				CLANG_WARN_UNREACHABLE_CODE = YES;
				CLANG_WARN__DUPLICATE_METHOD_MATCH = YES;
				COPY_PHASE_STRIP = NO;
				DEBUG_INFORMATION_FORMAT = "dwarf-with-dsym";
				ENABLE_NS_ASSERTIONS = NO;
				ENABLE_STRICT_OBJC_MSGSEND = YES;
				GCC_C_LANGUAGE_STANDARD = gnu11;
				GCC_NO_COMMON_BLOCKS = YES;
				GCC_WARN_64_TO_32_BIT_CONVERSION = YES;
				GCC_WARN_ABOUT_RETURN_TYPE = YES_ERROR;
				GCC_WARN_UNDECLARED_SELECTOR = YES;
				GCC_WARN_UNINITIALIZED_AUTOS = YES_AGGRESSIVE;
				GCC_WARN_UNUSED_FUNCTION = YES;
				GCC_WARN_UNUSED_VARIABLE = YES;
				IPHONEOS_DEPLOYMENT_TARGET = 15.2;
				MTL_ENABLE_DEBUG_INFO = NO;
				MTL_FAST_MATH = YES;
				SDKROOT = iphoneos;
				SWIFT_COMPILATION_MODE = wholemodule;
				SWIFT_OPTIMIZATION_LEVEL = "-O";
				VALIDATE_PRODUCT = YES;
			};
			name = Release;
		};
		9FCFD8EE2F77009D009D1BF0 /* Debug */ = {
			isa = XCBuildConfiguration;
			buildSettings = {
				ASSETCATALOG_COMPILER_APPICON_NAME = AppIcon;
				ASSETCATALOG_COMPILER_GLOBAL_ACCENT_COLOR_NAME = AccentColor;
				CODE_SIGN_STYLE = Automatic;
				CURRENT_PROJECT_VERSION = 1;
				DEVELOPMENT_ASSET_PATHS = "\"PomoStretch/Preview Content\"";
				ENABLE_PREVIEWS = YES;
				GENERATE_INFOPLIST_FILE = YES;
				INFOPLIST_KEY_UIApplicationSceneManifest_Generation = YES;
				INFOPLIST_KEY_UIApplicationSupportsIndirectInputEvents = YES;
				INFOPLIST_KEY_UILaunchScreen_Generation = YES;
				INFOPLIST_KEY_UISupportedInterfaceOrientations_iPad = "UIInterfaceOrientationPortrait UIInterfaceOrientationPortraitUpsideDown UIInterfaceOrientationLandscapeLeft UIInterfaceOrientationLandscapeRight";
				INFOPLIST_KEY_UISupportedInterfaceOrientations_iPhone = "UIInterfaceOrientationPortrait UIInterfaceOrientationLandscapeLeft UIInterfaceOrientationLandscapeRight";
				LD_RUNPATH_SEARCH_PATHS = (
					"$(inherited)",
					"@executable_path/Frameworks",
				);
				MARKETING_VERSION = 1.0;
				PRODUCT_BUNDLE_IDENTIFIER = MarcosOkamoto.PomoStretch;
				PRODUCT_NAME = "$(TARGET_NAME)";
				SWIFT_EMIT_LOC_STRINGS = YES;
				SWIFT_VERSION = 5.0;
				TARGETED_DEVICE_FAMILY = "1,2";
			};
			name = Debug;
		};
		9FCFD8EF2F77009D009D1BF0 /* Release */ = {
			isa = XCBuildConfiguration;
			buildSettings = {
				ASSETCATALOG_COMPILER_APPICON_NAME = AppIcon;
				ASSETCATALOG_COMPILER_GLOBAL_ACCENT_COLOR_NAME = AccentColor;
				CODE_SIGN_STYLE = Automatic;
				CURRENT_PROJECT_VERSION = 1;
				DEVELOPMENT_ASSET_PATHS = "\"PomoStretch/Preview Content\"";
				ENABLE_PREVIEWS = YES;
				GENERATE_INFOPLIST_FILE = YES;
				INFOPLIST_KEY_UIApplicationSceneManifest_Generation = YES;
				INFOPLIST_KEY_UIApplicationSupportsIndirectInputEvents = YES;
				INFOPLIST_KEY_UILaunchScreen_Generation = YES;
				INFOPLIST_KEY_UISupportedInterfaceOrientations_iPad = "UIInterfaceOrientationPortrait UIInterfaceOrientationPortraitUpsideDown UIInterfaceOrientationLandscapeLeft UIInterfaceOrientationLandscapeRight";
				INFOPLIST_KEY_UISupportedInterfaceOrientations_iPhone = "UIInterfaceOrientationPortrait UIInterfaceOrientationLandscapeLeft UIInterfaceOrientationLandscapeRight";
				LD_RUNPATH_SEARCH_PATHS = (
					"$(inherited)",
					"@executable_path/Frameworks",
				);
				MARKETING_VERSION = 1.0;
				PRODUCT_BUNDLE_IDENTIFIER = MarcosOkamoto.PomoStretch;
				PRODUCT_NAME = "$(TARGET_NAME)";
				SWIFT_EMIT_LOC_STRINGS = YES;
				SWIFT_VERSION = 5.0;
				TARGETED_DEVICE_FAMILY = "1,2";
			};
			name = Release;
		};
/* End XCBuildConfiguration section */

/* Begin XCConfigurationList section */
		9FCFD8DA2F77009A009D1BF0 /* Build configuration list for PBXProject "PomoStretch" */ = {
			isa = XCConfigurationList;
			buildConfigurations = (
				9FCFD8EB2F77009D009D1BF0 /* Debug */,
				9FCFD8EC2F77009D009D1BF0 /* Release */,
			);
			defaultConfigurationIsVisible = 0;
			defaultConfigurationName = Release;
		};
		9FCFD8ED2F77009D009D1BF0 /* Build configuration list for PBXNativeTarget "PomoStretch" */ = {
			isa = XCConfigurationList;
			buildConfigurations = (
				9FCFD8EE2F77009D009D1BF0 /* Debug */,
				9FCFD8EF2F77009D009D1BF0 /* Release */,
			);
			defaultConfigurationIsVisible = 0;
			defaultConfigurationName = Release;
		};
/* End XCConfigurationList section */
	};
	rootObject = 9FCFD8D72F77009A009D1BF0 /* Project object */;
}
